
Microsoft Visual Studio Solution File, Format Version 12.00
# Visual Studio Version 17
VisualStudioVersion = 17.7.34031.279
MinimumVisualStudioVersion = 10.0.40219.1
Project("{FAE04EC0-301F-11D3-BF4B-00C04F79EFBC}") = "MailMessageApp", "MailMessageApp.csproj", "{22C9B11B-21C6-41B7-BB50-C37B828122F5}"
EndProject
Project("{FAE04EC0-301F-11D3-BF4B-00C04F79EFBC}") = "DataBaseUsers", "..\DataBaseUsers\DataBaseUsers.csproj", "{009E9F37-A1CD-4020-B5B7-1E462D9455E2}"
EndProject
Project("{FAE04EC0-301F-11D3-BF4B-00C04F79EFBC}") = "UserService", "..\UserService\UserService.csproj", "{0F65EAF2-746A-4153-B96D-FCA2E8BC6F50}"
	ProjectSection(ProjectDependencies) = postProject
		{009E9F37-A1CD-4020-B5B7-1E462D9455E2} = {009E9F37-A1CD-4020-B5B7-1E462D9455E2}
	EndProjectSection
EndProject
Global
	GlobalSection(SolutionConfigurationPlatforms) = preSolution
		Debug|Any CPU = Debug|Any CPU
		Release|Any CPU = Release|Any CPU
	EndGlobalSection
	GlobalSection(ProjectConfigurationPlatforms) = postSolution
		{22C9B11B-21C6-41B7-BB50-C37B828122F5}.Debug|Any CPU.ActiveCfg = Debug|Any CPU
		{22C9B11B-21C6-41B7-BB50-C37B828122F5}.Debug|Any CPU.Build.0 = Debug|Any CPU
		{22C9B11B-21C6-41B7-BB50-C37B828122F5}.Release|Any CPU.ActiveCfg = Release|Any CPU
		{22C9B11B-21C6-41B7-BB50-C37B828122F5}.Release|Any CPU.Build.0 = Release|Any CPU
		{009E9F37-A1CD-4020-B5B7-1E462D9455E2}.Debug|Any CPU.ActiveCfg = Debug|Any CPU
		{009E9F37-A1CD-4020-B5B7-1E462D9455E2}.Debug|Any CPU.Build.0 = Debug|Any CPU
		{009E9F37-A1CD-4020-B5B7-1E462D9455E2}.Release|Any CPU.ActiveCfg = Release|Any CPU
		{009E9F37-A1CD-4020-B5B7-1E462D9455E2}.Release|Any CPU.Build.0 = Release|Any CPU
		{0F65EAF2-746A-4153-B96D-FCA2E8BC6F50}.Debug|Any CPU.ActiveCfg = Debug|Any CPU
		{0F65EAF2-746A-4153-B96D-FCA2E8BC6F50}.Debug|Any CPU.Build.0 = Debug|Any CPU
		{0F65EAF2-746A-4153-B96D-FCA2E8BC6F50}.Release|Any CPU.ActiveCfg = Release|Any CPU
		{0F65EAF2-746A-4153-B96D-FCA2E8BC6F50}.Release|Any CPU.Build.0 = Release|Any CPU
	EndGlobalSection
	GlobalSection(SolutionProperties) = preSolution
		HideSolutionNode = FALSE
	EndGlobalSection
	GlobalSection(ExtensibilityGlobals) = postSolution
		SolutionGuid = {270C9F2E-EDDD-42A6-94CE-238B5D05F7DE}
	EndGlobalSection
EndGlobal
